
Microsoft Visual Studio Solution File, Format Version 12.00
# Visual Studio Version 17
VisualStudioVersion = 17.4.32804.182
MinimumVisualStudioVersion = 10.0.40219.1
Project("{FAE04EC0-301F-11D3-BF4B-00C04F79EFBC}") = "WhiteVilla_VillaAPI", "WhiteVilla_VillaAPI\WhiteVilla_VillaAPI.csproj", "{F93B21DF-D242-4A3A-A45C-1A8056570FA6}"
EndProject
Global
	GlobalSection(SolutionConfigurationPlatforms) = preSolution
		Debug|Any CPU = Debug|Any CPU
		Release|Any CPU = Release|Any CPU
	EndGlobalSection
	GlobalSection(ProjectConfigurationPlatforms) = postSolution
		{F93B21DF-D242-4A3A-A45C-1A8056570FA6}.Debug|Any CPU.ActiveCfg = Debug|Any CPU
		{F93B21DF-D242-4A3A-A45C-1A8056570FA6}.Debug|Any CPU.Build.0 = Debug|Any CPU
		{F93B21DF-D242-4A3A-A45C-1A8056570FA6}.Release|Any CPU.ActiveCfg = Release|Any CPU
		{F93B21DF-D242-4A3A-A45C-1A8056570FA6}.Release|Any CPU.Build.0 = Release|Any CPU
	EndGlobalSection
	GlobalSection(SolutionProperties) = preSolution
		HideSolutionNode = FALSE
	EndGlobalSection
	GlobalSection(ExtensibilityGlobals) = postSolution
		SolutionGuid = {86136D70-311A-41FD-B31D-5AD8F0A06139}
	EndGlobalSection
EndGlobal
